lockfileVersion: '9.0'

settings:
  autoInstallPeers: true
  excludeLinksFromLockfile: false

importers:

  .:
    dependencies:
      commander:
        specifier: ^15.0.0
        version: 15.0.0
    devDependencies:
      '@types/node':
        specifier: ^25.9.5
        version: 25.9.5
      oxfmt:
        specifier: ^0.54.0
        version: 0.54.0
      oxlint:
        specifier: ^1.77.0
        version: 1.77.0
      tsdown:
        specifier: ^0.22.14
        version: 0.22.14(typescript@6.0.3)(unrun@0.2.39)
      typescript:
        specifier: ^6.0.3
        version: 6.0.3

packages:

  '@emnapi/core@1.10.0':
    resolution: {integrity: sha512-yq6OkJ4p82CAfPl0u9mQebQHKPJkY7WrIuk205cTYnYe+k2Z8YBh11FrbRG/H6ihirqcacOgl2BIO8oyMQLeXw==}

  '@emnapi/runtime@1.10.0':
    resolution: {integrity: sha512-ewvYlk86xUoGI0zQRNq/mC+16R1QeDlKQy21Ki3oSYXNgLb45GV1P6A0M+/s6nyCuNDqe5VpaY84BzXGwVbwFA==}

  '@emnapi/wasi-threads@1.2.1':
    resolution: {integrity: sha512-uTII7OYF+/Mes/MrcIOYp5yOtSMLBWSIoLPpcgwipoiKbli6k322tcoFsxoIIxPDqW01SQGAgko4EzZi2BNv2w==}

  '@napi-rs/wasm-runtime@1.2.2':
    resolution: {integrity: sha512-JfB4kuJQjaoHuCTseIINHtHWeJnvgEcxjwA5t/Y00ZgaOO1Crz3fjT/p8kT28zA/Caz7oiUMn3d6H2yOVCVwuw==}
    engines: {node: ^20.19.0 || ^22.13.0 || >=23.5.0}
    peerDependencies:
      '@emnapi/core': ^1.7.1 || ^2.0.0-alpha.3
      '@emnapi/runtime': ^1.7.1 || ^2.0.0-alpha.3

  '@oxc-project/types@0.127.0':
    resolution: {integrity: sha512-aIYXQBo4lCbO4z0R3FHeucQHpF46l2LbMdxRvqvuRuW2OxdnSkcng5B8+K12spgLDj93rtN3+J2Vac/TIO+ciQ==}

  '@oxc-project/types@0.142.0':
    resolution: {integrity: sha512-7W+2q5AKQVU36fkaryontrHn3YDt1RyUYXatw9i5H8ocYe2sPKSFB6eS8WNPeRKiN1qAWWZUPm7gwFzJGrccqQ==}

  '@oxfmt/binding-android-arm-eabi@0.54.0':
    resolution: {integrity: sha512-NAtpl/SiaeU103e7/OmZw0MvUnsUUopW7hEm/ecegJg7YM0skQaA0IXEZoyTV6NUdiNPupdIUreRqUZTShbn/g==}
    engines: {node: ^20.19.0 || >=22.12.0}
    cpu: [arm]
    os: [android]

  '@oxfmt/binding-android-arm64@0.54.0':
    resolution: {integrity: sha512-B4VZfBUlKK1rmMChsssNZbkZjE8+FzG3avMjGgMDwbGxXRoXkoeXiAZ+78Oa+eyDPHvDCiUb4zH/vmCOUSafLQ==}
    engines: {node: ^20.19.0 || >=22.12.0}
    cpu: [arm64]
    os: [android]

  '@oxfmt/binding-darwin-arm64@0.54.0':
    resolution: {integrity: sha512-i02vF75b+ePsQP3tHqSxVYI5S6b8X/xqdPu7/mDHXtpgXLTYXi3jJmfHU0j+dnZZDKaYTx/ioCK7QYJmtiJR2g==}
    engines: {node: ^20.19.0 || >=22.12.0}
    cpu: [arm64]
    os: [darwin]

  '@oxfmt/binding-darwin-x64@0.54.0':
    resolution: {integrity: sha512-8VMFvGvooXj7mswkbrhdVZ2/sgiDaBzWpkkbtO+qGDLV4EfJd67nQadHkQC0ZNbaWA9ajXfqI6i7PZLIeDzxEQ==}
    engines: {node: ^20.19.0 || >=22.12.0}
    cpu: [x64]
    os: [darwin]

  '@oxfmt/binding-freebsd-x64@0.54.0':
    resolution: {integrity: sha512-0cRHnp43WN1Jrc5s0BdbdKgR1XirdvHy7TAFi3JEsoEVQVJxTXMbpVd76sxXlgRswNMDhVFSJw+y7Eb8mEavFQ==}
    engines: {node: ^20.19.0 || >=22.12.0}
    cpu: [x64]
    os: [freebsd]

  '@oxfmt/binding-linux-arm-gnueabihf@0.54.0':
    resolution: {integrity: sha512-JyQAk3hK/OEtup7Rw6kZwfdzbKqTVD5jXXb8Xpfay29suwZyfBDMVW/bj4RqEPySYWc6zCp198pOluf8n5uYzg==}
    engines: {node: ^20.19.0 || >=22.12.0}
    cpu: [arm]
    os: [linux]

  '@oxfmt/binding-linux-arm-musleabihf@0.54.0':
    resolution: {integrity: sha512-qnvLatTpM8vtvjOfcckBOzJjk+n6ce/wwpP8OFeUrD5aNLYcKyWAitwj+Rk3PK9jGanbZvKsJnv14JGQ6XqFdw==}
    engines: {node: ^20.19.0 || >=22.12.0}
    cpu: [arm]
    os: [linux]

  '@oxfmt/binding-linux-arm64-gnu@0.54.0':
    resolution: {integrity: sha512-SMkhnCzIYZYDk9vw3W/80eeYKmrMpGF0Giuxt4HruFlCH7jEtnPeb3SdQKMfgYi/dgtaf+hZAb5XWPYnxqCQ3w==}
    engines: {node: ^20.19.0 || >=22.12.0}
    cpu: [arm64]
    os: [linux]
    libc: [glibc]

  '@oxfmt/binding-linux-arm64-musl@0.54.0':
    resolution: {integrity: sha512-QrwJlBFFKnxOd95TAaszpMbZBLzMoYMpGaQTZF8oibacnF5rv8l12IhILhQRPmksWiBqg0YSe2Mnl7ayeJAHSA==}
    engines: {node: ^20.19.0 || >=22.12.0}
    cpu: [arm64]
    os: [linux]
    libc: [musl]

  '@oxfmt/binding-linux-ppc64-gnu@0.54.0':
    resolution: {integrity: sha512-WILatiol/TUHTlhod7R09+7Az/XlhKwmY1MHfLZNmewltPWNN/EwxP2rQSHahibZ/cB8gmckEBjBOByD+5bYsQ==}
    engines: {node: ^20.19.0 || >=22.12.0}
    cpu: [ppc64]
    os: [linux]
    libc: [glibc]

  '@oxfmt/binding-linux-riscv64-gnu@0.54.0':
    resolution: {integrity: sha512-f05YMG4BH4G8S4ME6UM6fi1MnJ9094mrnvO5Pa4SJlMfWlUM+1/ZWMEF4NnjM7shZAvbHsHRuVYpUo0PHC4P9Q==}
    engines: {node: ^20.19.0 || >=22.12.0}
    cpu: [riscv64]
    os: [linux]
    libc: [glibc]

  '@oxfmt/binding-linux-riscv64-musl@0.54.0':
    resolution: {integrity: sha512-UfL+2hj1ClNqcCRT9s8vBU4axDpjxgVxX96G+9DYAYjoc5b0u15CJtn2jgsi9iM+EbGNc5CW1HVRgwVu76UsSA==}
    engines: {node: ^20.19.0 || >=22.12.0}
    cpu: [riscv64]
    os: [linux]
    libc: [musl]

  '@oxfmt/binding-linux-s390x-gnu@0.54.0':
    resolution: {integrity: sha512-3/XZe931Hka+J6NjnaqJzYpsWWxDTuRdUdwSQHnOuJEgbC+SehIMFJS8hsEjV7LBhVSL2OCnRLvbVW8O97XIyw==}
    engines: {node: ^20.19.0 || >=22.12.0}
    cpu: [s390x]
    os: [linux]
    libc: [glibc]

  '@oxfmt/binding-linux-x64-gnu@0.54.0':
    resolution: {integrity: sha512-Ik93RlObtu43GbxApafayFjwYE06L6Xr08cSwpBPYbDrLp2ReZx0Jm1DqwRyYRnukUJy+rK2WaEvUQOxdytU9Q==}
    engines: {node: ^20.19.0 || >=22.12.0}
    cpu: [x64]
    os: [linux]
    libc: [glibc]

  '@oxfmt/binding-linux-x64-musl@0.54.0':
    resolution: {integrity: sha512-yZcakmPlD86CNymknd7KfW+FH+qfbqJH+i0h69CYfV1+KMoVeM9UED+8+TDVoU4haxI0NxY7RPCvRLy3Sqd2Qg==}
    engines: {node: ^20.19.0 || >=22.12.0}
    cpu: [x64]
    os: [linux]
    libc: [musl]

  '@oxfmt/binding-openharmony-arm64@0.54.0':
    resolution: {integrity: sha512-GiVBZNnEZnKu00f1jTg49nomv187d0GQX+O+ocykoLeiaALuEO+swoTehHn9TehTfi7V8H0i0e/yvUjCqnwk1w==}
    engines: {node: ^20.19.0 || >=22.12.0}
    cpu: [arm64]
    os: [openharmony]

  '@oxfmt/binding-win32-arm64-msvc@0.54.0':
    resolution: {integrity: sha512-J0SSB8Z1Fre2sxRolYcW6Rl1RQmKdQ2hnHyq4YJrfBRiXTObLw4DXnIVraM/UyqGqwOi7yTrQA4VT7DPxlHVKA==}
    engines: {node: ^20.19.0 || >=22.12.0}
    cpu: [arm64]
    os: [win32]

  '@oxfmt/binding-win32-ia32-msvc@0.54.0':
    resolution: {integrity: sha512-O61UDVj8zz6yXJjkHPf05VaMLOXmEF8P5kf/N0W7AQMmd6bcQogl+KJc7rMutKTL524oE9iH32JXZClBFmEQIg==}
    engines: {node: ^20.19.0 || >=22.12.0}
    cpu: [ia32]
    os: [win32]

  '@oxfmt/binding-win32-x64-msvc@0.54.0':
    resolution: {integrity: sha512-1MDpqJPiFqxWtIHas8vkb1VZ7f7eKyTffAwmO8isxQYMaG1OFKsH666BWLeXQLO+IWNfiMssLD55hbR1lIPTqg==}
    engines: {node: ^20.19.0 || >=22.12.0}
    cpu: [x64]
    os: [win32]

  '@oxlint/binding-android-arm-eabi@1.77.0':
    resolution: {integrity: sha512-E06sKWS6PiI6HRxS1wyQg22HvApt01hI7fV+T3wUk3OSbaaP4a3hYGY/MIQDmASqCiRjBdpRQYkgMkqH82cWmQ==}
    engines: {node: ^20.19.0 || >=22.12.0}
    cpu: [arm]
    os: [android]

  '@oxlint/binding-android-arm64@1.77.0':
    resolution: {integrity: sha512-NvsKz0KZxTp9cYWPLf+FXaSZwB3oO3peAjtukpOMBgse2vhQSoIIVqeO1yR0lEo/UcdZIDL18uq+kL0LzQ0ytA==}
    engines: {node: ^20.19.0 || >=22.12.0}
    cpu: [arm64]
    os: [android]

  '@oxlint/binding-darwin-arm64@1.77.0':
    resolution: {integrity: sha512-bgjTn6nW4bQCFBvSvuHCpDD+sONvmpo4lGI4PxzMt1quBA+xYxhczk6RiCn3GZ9gY8uhaBbwhj9MdKGfu6T9DA==}
    engines: {node: ^20.19.0 || >=22.12.0}
    cpu: [arm64]
    os: [darwin]

  '@oxlint/binding-darwin-x64@1.77.0':
    resolution: {integrity: sha512-aotaIttH1R6j1Rwhx0M0htgeZyGtVQqYNTVEYMN/UcgHPquGA6kmk9OyuDc3a2GKUQBC+3C3GVQCcrRPMYqAFA==}
    engines: {node: ^20.19.0 || >=22.12.0}
    cpu: [x64]
    os: [darwin]

  '@oxlint/binding-freebsd-x64@1.77.0':
    resolution: {integrity: sha512-nNx/wta7ksRAdYvq+l4AWjXkLxEXHALhENxjj2cYbQAIR4ybaA5L+hCbE63HOmft5czQ6ks+hb8vmEAnn7YGPg==}
    engines: {node: ^20.19.0 || >=22.12.0}
    cpu: [x64]
    os: [freebsd]

  '@oxlint/binding-linux-arm-gnueabihf@1.77.0':
    resolution: {integrity: sha512-tMLLjM7xXtzXisVCzkOTXNCy9bZVId2wteNwjohlFDR/jY6WagpEDA1c1wu4xRc20Hojaxj+V6DSR7gbKxijWA==}
    engines: {node: ^20.19.0 || >=22.12.0}
    cpu: [arm]
    os: [linux]

  '@oxlint/binding-linux-arm-musleabihf@1.77.0':
    resolution: {integrity: sha512-MiAFDFaqR0tmHTAyo0YDcZ5hyLREdYw/RQhc2R3cbT+8O3tB+zqPM2th9TTQ+Uo3jn/embS+DO+HyX9ztCPkOQ==}
    engines: {node: ^20.19.0 || >=22.12.0}
    cpu: [arm]
    os: [linux]

  '@oxlint/binding-linux-arm64-gnu@1.77.0':
    resolution: {integrity: sha512-/xqQ3B16i1T4cyt/9Mn+4CpzhUXoBXp7kVpIwzOXNFLj5JmK1bIjsbSnX296Gg8A/o7oDtKWikFgBx0SLwztkw==}
    engines: {node: ^20.19.0 || >=22.12.0}
    cpu: [arm64]
    os: [linux]
    libc: [glibc]

  '@oxlint/binding-linux-arm64-musl@1.77.0':
    resolution: {integrity: sha512-LSbwuRKiNCenPDcbARqAZ5RfBy7gmj7vOvfJRLeCDU3gFtSxWbhv/+VTlaUqzUhNj1gFLHB8h7ALnxa/Az6z6g==}
    engines: {node: ^20.19.0 || >=22.12.0}
    cpu: [arm64]
    os: [linux]
    libc: [musl]

  '@oxlint/binding-linux-ppc64-gnu@1.77.0':
    resolution: {integrity: sha512-QWdcH31mXEUe5Nq1s0CfCpceaKjIo9uZtwDjAuL681g1axf+5x8xrg/eXWaw//4NCxYZ4V4e5Hu5tvdR+pTBlg==}
    engines: {node: ^20.19.0 || >=22.12.0}
    cpu: [ppc64]
    os: [linux]
    libc: [glibc]

  '@oxlint/binding-linux-riscv64-gnu@1.77.0':
    resolution: {integrity: sha512-GnOfYgJxbcElOiPZaDFDl406ONddwvOWk2jvAAAEjwAl4GofNoHF+/HHUIBYa6bFCArlcGPi0XjC4cU1pkgF/Q==}
    engines: {node: ^20.19.0 || >=22.12.0}
    cpu: [riscv64]
    os: [linux]
    libc: [glibc]

  '@oxlint/binding-linux-riscv64-musl@1.77.0':
    resolution: {integrity: sha512-AyEMTUCf0xY+hHF+IxqXFQIX0yQOIR8ykpY0lJNOw9xYqOzUX8dyZfRvlG0RfXwuQn2eonf/8NrMmDSZJjdqsA==}
    engines: {node: ^20.19.0 || >=22.12.0}
    cpu: [riscv64]
    os: [linux]
    libc: [musl]

  '@oxlint/binding-linux-s390x-gnu@1.77.0':
    resolution: {integrity: sha512-sPLzEcNvxd/oyVQ5oZo92CiHkFkpBeRop13E/P3TPY+hZfXHKCOWKI70TE2RYwMKFJDc20EMjH16L7NZICtKTw==}
    engines: {node: ^20.19.0 || >=22.12.0}
    cpu: [s390x]
    os: [linux]
    libc: [glibc]

  '@oxlint/binding-linux-x64-gnu@1.77.0':
    resolution: {integrity: sha512-1Oh2ssH2L7lwyvkdSqaMUfsGfwU2Wfvew+obBUYjRVqhpBcUpwnsPSEr1IzVi9XqkuY10geiLsNKecqaZC34Dw==}
    engines: {node: ^20.19.0 || >=22.12.0}
    cpu: [x64]
    os: [linux]
    libc: [glibc]

  '@oxlint/binding-linux-x64-musl@1.77.0':
    resolution: {integrity: sha512-0j/2wRgNGO+Qj/M1uu/p57h/hFTTWWcfie0ufkbabeus2s5+/QqkCflnMOwLLN5m2GsNeWp4xdl4cPa4n7QCOQ==}
    engines: {node: ^20.19.0 || >=22.12.0}
    cpu: [x64]
    os: [linux]
    libc: [musl]

  '@oxlint/binding-openharmony-arm64@1.77.0':
    resolution: {integrity: sha512-BJ/j54qS0usEnyDkLYURMj2iiD9h5Cyy+ppzeMSXBGRXaGRNWnj1Mw14NqWMR5E/PzdgB30OOCCzLzbRoduafw==}
    engines: {node: ^20.19.0 || >=22.12.0}
    cpu: [arm64]
    os: [openharmony]

  '@oxlint/binding-win32-arm64-msvc@1.77.0':
    resolution: {integrity: sha512-Yh8w+g2Lpx7StrvtYkoz9JJvXjB9wxgFChFNb85nrXm/wj/XTwGWS1hve9+900HL7llrntYB3YP+y32E3tRqzA==}
    engines: {node: ^20.19.0 || >=22.12.0}
    cpu: [arm64]
    os: [win32]

  '@oxlint/binding-win32-ia32-msvc@1.77.0':
    resolution: {integrity: sha512-zja5b7+6a7UsRFgAQSrnax5vrzliEyNPLCjfXONu/vTWswaIVZGFajJZptaeRvPE4LghtFdAzVFlexTm7MVTGA==}
    engines: {node: ^20.19.0 || >=22.12.0}
    cpu: [ia32]
    os: [win32]

  '@oxlint/binding-win32-x64-msvc@1.77.0':
    resolution: {integrity: sha512-+teyvPDZ2RjUvo+SuCqS/UhaJl1QtdW5fWT5NJTV61V5MIuIS90Db9LixmtEGvXixyttiK62P96MSu3UlpviBw==}
    engines: {node: ^20.19.0 || >=22.12.0}
    cpu: [x64]
    os: [win32]

  '@quansync/fs@1.0.0':
    resolution: {integrity: sha512-4TJ3DFtlf1L5LDMaM6CanJ/0lckGNtJcMjQ1NAV6zDmA0tEHKZtxNKin8EgPaVX1YzljbxckyT2tJrpQKAtngQ==}

  '@rolldown/binding-android-arm64@1.0.0-rc.17':
    resolution: {integrity: sha512-s70pVGhw4zqGeFnXWvAzJDlvxhlRollagdCCKRgOsgUOH3N1l0LIxf83AtGzmb5SiVM4Hjl5HyarMRfdfj3DaQ==}
    engines: {node: ^20.19.0 || >=22.12.0}
    cpu: [arm64]
    os: [android]

  '@rolldown/binding-android-arm64@1.2.2':
    resolution: {integrity: sha512-l7x215OGvo1s52JWmR8U/DAVzEDWBCIbTm28aeJV/WDTSHgcKXaZTuBT0hJMs5NggilfJTW3clZVvd24yfKJxA==}
    engines: {node: ^20.19.0 || >=22.12.0}
    cpu: [arm64]
    os: [android]

  '@rolldown/binding-darwin-arm64@1.0.0-rc.17':
    resolution: {integrity: sha512-4ksWc9n0mhlZpZ9PMZgTGjeOPRu8MB1Z3Tz0Mo02eWfWCHMW1zN82Qz/pL/rC+yQa+8ZnutMF0JjJe7PjwasYw==}
    engines: {node: ^20.19.0 || >=22.12.0}
    cpu: [arm64]
    os: [darwin]

  '@rolldown/binding-darwin-arm64@1.2.2':
    resolution: {integrity: sha512-9u9Xv6c1AJZT0FfwH5vrMG5Jjcwhc1MlyrPu0XfTqkzsmqfks2M6W/o5XwAJgVVN/jHpqqngC1WevHKKTIUtIA==}
    engines: {node: ^20.19.0 || >=22.12.0}
    cpu: [arm64]
    os: [darwin]

  '@rolldown/binding-darwin-x64@1.0.0-rc.17':
    resolution: {integrity: sha512-SUSDOI6WwUVNcWxd02QEBjLdY1VPHvlEkw6T/8nYG322iYWCTxRb1vzk4E+mWWYehTp7ERibq54LSJGjmouOsw==}
    engines: {node: ^20.19.0 || >=22.12.0}
    cpu: [x64]
    os: [darwin]

  '@rolldown/binding-darwin-x64@1.2.2':
    resolution: {integrity: sha512-9W1mbGZAfW3oqd85bhBkmpyHCCzL1TeG/zFFP3vg7b0rlly8cxOcre5nXwz+LHazCwac2MNWgPdPCHndABjpWQ==}
    engines: {node: ^20.19.0 || >=22.12.0}
    cpu: [x64]
    os: [darwin]

  '@rolldown/binding-freebsd-x64@1.0.0-rc.17':
    resolution: {integrity: sha512-hwnz3nw9dbJ05EDO/PvcjaaewqqDy7Y1rn1UO81l8iIK1GjenME75dl16ajbvSSMfv66WXSRCYKIqfgq2KCfxw==}
    engines: {node: ^20.19.0 || >=22.12.0}
    cpu: [x64]
    os: [freebsd]

  '@rolldown/binding-freebsd-x64@1.2.2':
    resolution: {integrity: sha512-0p1lhiCSCyaerFwtrdZQUx7NqGk6LQnaRKWX7tFQqwQgvX0rjM15cIkm3pax1UpEakK14C4mOxx/jSqCBdBRqQ==}
    engines: {node: ^20.19.0 || >=22.12.0}
    cpu: [x64]
    os: [freebsd]

  '@rolldown/binding-linux-arm-gnueabihf@1.0.0-rc.17':
    resolution: {integrity: sha512-IS+W7epTcwANmFSQFrS1SivEXHtl1JtuQA9wlxrZTcNi6mx+FDOYrakGevvvTwgj2JvWiK8B29/qD9BELZPyXQ==}
    engines: {node: ^20.19.0 || >=22.12.0}
    cpu: [arm]
    os: [linux]

  '@rolldown/binding-linux-arm-gnueabihf@1.2.2':
    resolution: {integrity: sha512-e+cOJXrJ2L3zx6YzqPg+f6Wbk3V1cKB8bOhbaYdVYN3DdquzNdRAmrbETz1qnt5yp/c7JNlNjmITiA2cVneQ7w==}
    engines: {node: ^20.19.0 || >=22.12.0}
    cpu: [arm]
    os: [linux]

  '@rolldown/binding-linux-arm64-gnu@1.0.0-rc.17':
    resolution: {integrity: sha512-e6usGaHKW5BMNZOymS1UcEYGowQMWcgZ71Z17Sl/h2+ZziNJ1a9n3Zvcz6LdRyIW5572wBCTH/Z+bKuZouGk9Q==}
    engines: {node: ^20.19.0 || >=22.12.0}
    cpu: [arm64]
    os: [linux]
    libc: [glibc]

  '@rolldown/binding-linux-arm64-gnu@1.2.2':
    resolution: {integrity: sha512-JsSMsj6sNat/MuhG5fnBD7QgbtpHKVe30x5/bAVirDHdhoQRXJkF6xc0Jqk8O4fiCUQAzMOoH9wZi3m60c8wtg==}
    engines: {node: ^20.19.0 || >=22.12.0}
    cpu: [arm64]
    os: [linux]
    libc: [glibc]

  '@rolldown/binding-linux-arm64-musl@1.0.0-rc.17':
    resolution: {integrity: sha512-b/CgbwAJpmrRLp02RPfhbudf5tZnN9nsPWK82znefso832etkem8H7FSZwxrOI9djcdTP7U6YfNhbRnh7djErg==}
    engines: {node: ^20.19.0 || >=22.12.0}
    cpu: [arm64]
    os: [linux]
    libc: [musl]

  '@rolldown/binding-linux-arm64-musl@1.2.2':
    resolution: {integrity: sha512-B5G/zJdHaoJn9vD50eGHWkiWfmq8Uhi3IiLPJTzmZTrAalk1bztUikSXo0qga18ibE0IXboyeMUnhPjhAJ45wQ==}
    engines: {node: ^20.19.0 || >=22.12.0}
    cpu: [arm64]
    os: [linux]
    libc: [musl]

  '@rolldown/binding-linux-ppc64-gnu@1.0.0-rc.17':
    resolution: {integrity: sha512-4EII1iNGRUN5WwGbF/kOh/EIkoDN9HsupgLQoXfY+D1oyJm7/F4t5PYU5n8SWZgG0FEwakyM8pGgwcBYruGTlA==}
    engines: {node: ^20.19.0 || >=22.12.0}
    cpu: [ppc64]
    os: [linux]
    libc: [glibc]

  '@rolldown/binding-linux-ppc64-gnu@1.2.2':
    resolution: {integrity: sha512-6mC/awzKka8W6EoekjegpfGkjz8jXWDX63pqu/HYVpyKtZfu65Jsh4QAH3Kej3CAv/c1oGX7psTmFEbr0mDxLA==}
    engines: {node: ^20.19.0 || >=22.12.0}
    cpu: [ppc64]
    os: [linux]
    libc: [glibc]

  '@rolldown/binding-linux-s390x-gnu@1.0.0-rc.17':
    resolution: {integrity: sha512-AH8oq3XqQo4IibpVXvPeLDI5pzkpYn0WiZAfT05kFzoJ6tQNzwRdDYQ45M8I/gslbodRZwW8uxLhbSBbkv96rA==}
    engines: {node: ^20.19.0 || >=22.12.0}
    cpu: [s390x]
    os: [linux]
    libc: [glibc]

  '@rolldown/binding-linux-s390x-gnu@1.2.2':
    resolution: {integrity: sha512-412MX9fJLdA1IK28EZnc8jYv2HRTleOZgfLQumJ5zy7OeJLZlg/CETwFaXjNmGVxG51cFHpKLqb5LKvBC+HsHA==}
    engines: {node: ^20.19.0 || >=22.12.0}
    cpu: [s390x]
    os: [linux]
    libc: [glibc]

  '@rolldown/binding-linux-x64-gnu@1.0.0-rc.17':
    resolution: {integrity: sha512-cLnjV3xfo7KslbU41Z7z8BH/E1y5mzUYzAqih1d1MDaIGZRCMqTijqLv76/P7fyHuvUcfGsIpqCdddbxLLK9rA==}
    engines: {node: ^20.19.0 || >=22.12.0}
    cpu: [x64]
    os: [linux]
    libc: [glibc]

  '@rolldown/binding-linux-x64-gnu@1.2.2':
    resolution: {integrity: sha512-Q/+HI/ToJafZ1iCqGgVQXUEkIjufHCTF0gBQ2a5o3cg7GJ2h0qyq3nvvSmU+bGda2/7ygXpTY4TM6gO9OhQ0ZA==}
    engines: {node: ^20.19.0 || >=22.12.0}
    cpu: [x64]
    os: [linux]
    libc: [glibc]

  '@rolldown/binding-linux-x64-musl@1.0.0-rc.17':
    resolution: {integrity: sha512-0phclDw1spsL7dUB37sIARuis2tAgomCJXAHZlpt8PXZ4Ba0dRP1e+66lsRqrfhISeN9bEGNjQs+T/Fbd7oYGw==}
    engines: {node: ^20.19.0 || >=22.12.0}
    cpu: [x64]
    os: [linux]
    libc: [musl]

  '@rolldown/binding-linux-x64-musl@1.2.2':
    resolution: {integrity: sha512-ZKp/w41n6wCvxzxQHtQSbuphfX3Y4cCvbjkKHusrLx4lh+JWLTU7StSltO/DKARISzbj368d+qUaCjI8K2wzXw==}
    engines: {node: ^20.19.0 || >=22.12.0}
    cpu: [x64]
    os: [linux]
    libc: [musl]

  '@rolldown/binding-openharmony-arm64@1.0.0-rc.17':
    resolution: {integrity: sha512-0ag/hEgXOwgw4t8QyQvUCxvEg+V0KBcA6YuOx9g0r02MprutRF5dyljgm3EmR02O292UX7UeS6HzWHAl6KgyhA==}
    engines: {node: ^20.19.0 || >=22.12.0}
    cpu: [arm64]
    os: [openharmony]

  '@rolldown/binding-openharmony-arm64@1.2.2':
    resolution: {integrity: sha512-pxE6xD4KS3eAROkKK5yrhB9/3+vhlhVGMvlQLbdpzrBGDbKrnzx3RLwPaHvasLo6jgaiBLn7e04Df9C4tYhjmA==}
    engines: {node: ^20.19.0 || >=22.12.0}
    cpu: [arm64]
    os: [openharmony]

  '@rolldown/binding-wasm32-wasi@1.0.0-rc.17':
    resolution: {integrity: sha512-LEXei6vo0E5wTGwpkJ4KoT3OZJRnglwldt5ziLzOlc6qqb55z4tWNq2A+PFqCJuvWWdP53CVhG1Z9NtToDPJrA==}
    engines: {node: ^20.19.0 || >=22.12.0}
    cpu: [wasm32]

  '@rolldown/binding-win32-arm64-msvc@1.0.0-rc.17':
    resolution: {integrity: sha512-gUmyzBl3SPMa6hrqFUth9sVfcLBlYsbMzBx5PlexMroZStgzGqlZ26pYG89rBb45Mnia+oil6YAIFeEWGWhoZA==}
    engines: {node: ^20.19.0 || >=22.12.0}
    cpu: [arm64]
    os: [win32]

  '@rolldown/binding-win32-arm64-msvc@1.2.2':
    resolution: {integrity: sha512-4MqEue5re+xIZzAWsB8sj0P1kqZySWqIuN4t6QaIO/YA6SFwySOLruvWQFzfmqk8LBK2P30KCSJwf6mJCZZ5/A==}
    engines: {node: ^20.19.0 || >=22.12.0}
    cpu: [arm64]
    os: [win32]

  '@rolldown/binding-win32-x64-msvc@1.0.0-rc.17':
    resolution: {integrity: sha512-3hkiolcUAvPB9FLb3UZdfjVVNWherN1f/skkGWJP/fgSQhYUZpSIRr0/I8ZK9TkF3F7kxvJAk0+IcKvPHk9qQg==}
    engines: {node: ^20.19.0 || >=22.12.0}
    cpu: [x64]
    os: [win32]

  '@rolldown/binding-win32-x64-msvc@1.2.2':
    resolution: {integrity: sha512-NweNxxD0Nf9t8v7kodun45Ijp3EIwYY+uydPP6qBEYvfBqhIjN6dZMzlQja3tqX/aLs3F3Uz+AxDpKgRhpOZQg==}
    engines: {node: ^20.19.0 || >=22.12.0}
    cpu: [x64]
    os: [win32]

  '@rolldown/pluginutils@1.0.0-rc.17':
    resolution: {integrity: sha512-n8iosDOt6Ig1UhJ2AYqoIhHWh/isz0xpicHTzpKBeotdVsTEcxsSA/i3EVM7gQAj0rU27OLAxCjzlj15IWY7bg==}

  '@rolldown/pluginutils@1.0.1':
    resolution: {integrity: sha512-2j9bGt5Jh8hj+vPtgzPtl72j0yRxHAyumoo6TNfAjsLB04UtpSvPbPcDcBMxz7n+9CYB0c1GxQFxYRg2jimqGw==}

  '@tybys/wasm-util@0.10.3':
    resolution: {integrity: sha512-F3fo1MYrRJYL3zER0OUOmkutjr1Vp23m7OsSgp7nq4SP6OqX6C/56XFIPAl5bt3zaBRjmW7SGz3u/6LwFpYcOg==}

  '@types/node@25.9.5':
    resolution: {integrity: sha512-OScDchr2fwuUmWdf4kZ9h7PcJiYDVInhJizG/biAq3cAvqwYktuy/TYGGdZNMtNTFUP7rnb0NU4TUdm82kt4Rg==}

  '@yuku-codegen/binding-android-arm64@0.8.3':
    resolution: {integrity: sha512-/EKnnqwvN7xYoVDhQEIEJTdPDwGW1wkFz/2Eku3ES/IJd4lcQh/OaIDFBmoJKvpe12enrb1TIoYh1fxasGXolA==}
    cpu: [arm64]
    os: [android]

  '@yuku-codegen/binding-darwin-arm64@0.8.3':
    resolution: {integrity: sha512-DFAOliF5YIPv3ayNHGOJhIun6Af4kMaL/YXxf8ZtD1qrOIMFnX/AQBhwfvLalhwmmxuGA8AUteaKRHBvdKZFVA==}
    cpu: [arm64]
    os: [darwin]

  '@yuku-codegen/binding-darwin-x64@0.8.3':
    resolution: {integrity: sha512-WlMh4/oEibaTzE9j5Zq8qnsrH4Ii4kWdcDv/Pj2Rb/MYSrKghtg+bxbWpPe/6zJD21p9zZBApQUxl8ECpZOJuQ==}
    cpu: [x64]
    os: [darwin]

  '@yuku-codegen/binding-freebsd-x64@0.8.3':
    resolution: {integrity: sha512-hoDOpPP0FTxPSD+6w0Gs4p8iL1yXe6jjIXcdzNxyT1KE6B3JI6O0gTIWQISJ+8QyNpNjIwBb7nHCdRavktJM6A==}
    cpu: [x64]
    os: [freebsd]

  '@yuku-codegen/binding-linux-arm-gnu@0.8.3':
    resolution: {integrity: sha512-nNW0GGMJyF04pK4A7Kq7WAYtUWU9uI5ugDAoXl9yHpd3IIZ8UI+zFlM01e+ZGWnQcdxYYLumeRe/EjzZT9bVfQ==}
    cpu: [arm]
    os: [linux]
    libc: [glibc]

  '@yuku-codegen/binding-linux-arm-musl@0.8.3':
    resolution: {integrity: sha512-/jpxKhO8AV5TmXgT3R2Gv3YctKRUhyDzd5bQw8TiJ3O4z7qerHzoW2kE40fPAO3L434/IZtZbdhr8HuOqiwECA==}
    cpu: [arm]
    os: [linux]
    libc: [musl]

  '@yuku-codegen/binding-linux-arm64-gnu@0.8.3':
    resolution: {integrity: sha512-CYhLJfnCknabfLvUjsanxC5s3BBtZHUwfzdDL7GcqShIRQh2qqgG7pPfFrFJ6Jp56kkjKXkfluFGn9nnIv0nZg==}
    cpu: [arm64]
    os: [linux]
    libc: [glibc]

  '@yuku-codegen/binding-linux-arm64-musl@0.8.3':
    resolution: {integrity: sha512-c6gEdnI0MgA7/rVw6CACMciSbAcxVwLyD/jSBbMLWUeqqbysCNGrGPAHdpSaadpz3W1bd+OdXt9XWjfm66708w==}
    cpu: [arm64]
    os: [linux]
    libc: [musl]

  '@yuku-codegen/binding-linux-x64-gnu@0.8.3':
    resolution: {integrity: sha512-CRVZ9Rw5lIah/PpWeShWv7XiUCMY15N6rZRA2sEZrQvc5Az7Dv9/wsDMa6oBMkfQLXuDkFo4G1QOYyWbebjejg==}
    cpu: [x64]
    os: [linux]
    libc: [glibc]

  '@yuku-codegen/binding-linux-x64-musl@0.8.3':
    resolution: {integrity: sha512-G12Nhecjmv7OlbCX6Y4HU4wYYePd111kTE+yTjbitnt+P3m8bNegtYG4ZGo4scGTq8cKsLF4xcda1XNzCUA6nQ==}
    cpu: [x64]
    os: [linux]
    libc: [musl]

  '@yuku-codegen/binding-win32-arm64@0.8.3':
    resolution: {integrity: sha512-i8bpXWaMlik9DvFl+89emEx3RZFtSd21Vlt0UrnPvUC7h8NGElP2SwQcdcG+pPmihFIYJAoIuJLw7YdQcFcDkA==}
    cpu: [arm64]
    os: [win32]

  '@yuku-codegen/binding-win32-x64@0.8.3':
    resolution: {integrity: sha512-vlYymeTSsx+qxZoNvdl6KehgYDaQC4Sk/9KUnM3V2mriyCwSdhW7lqdpQGl+RLGsDTxyuRGjzGIjgRWk3lohmA==}
    cpu: [x64]
    os: [win32]

  '@yuku-parser/binding-android-arm64@0.8.3':
    resolution: {integrity: sha512-vySYRsMeul9ssvxeHdxgS9ZUIcq7gqljWNqgokjJE0uQWvVvOprihJ6hOsiifVqWsla0BMc3vAFBvNS9QqCw7g==}
    cpu: [arm64]
    os: [android]

  '@yuku-parser/binding-darwin-arm64@0.8.3':
    resolution: {integrity: sha512-+wpB/wqhiZ685Y77I+lj6v9pHSAJ3Y+QMHJmvch0Q0ahIMbNwtKk3s54MhtjCMKO1qpjPbyN/PjuHDg2hbKaVQ==}
    cpu: [arm64]
    os: [darwin]

  '@yuku-parser/binding-darwin-x64@0.8.3':
    resolution: {integrity: sha512-jKqiWejj4zVy7pPtEGu4/Ty+pG1h7ooQOXIkm7shKZTSwTU9X8X+eoH11uIeKHZi2SQWV0GhNz0J56eerseysQ==}
    cpu: [x64]
    os: [darwin]

  '@yuku-parser/binding-freebsd-x64@0.8.3':
    resolution: {integrity: sha512-FC7zSwzFzd4z9bsId07CiHLR+Iw6yW/LzIQhL5AUtPUuVXLgEyx0rilgbRUYkl1CT3GJcLpkh63WuPZUSgCDzw==}
    cpu: [x64]
    os: [freebsd]

  '@yuku-parser/binding-linux-arm-gnu@0.8.3':
    resolution: {integrity: sha512-So61j88b9/ygDnUPlWCm1EUPw4HSxAyDjrNHKgud5N3aRDQ3kw94nW7TriXbo7GBXID9oBHCMNm1r1Fof/Df5Q==}
    cpu: [arm]
    os: [linux]
    libc: [glibc]

  '@yuku-parser/binding-linux-arm-musl@0.8.3':
    resolution: {integrity: sha512-Nmnn20yJvSSKL8ZdtqReBRSGCDkSMqR5jEk/Sk/cdIdZmqVD49Z6M7w2GbMjdrxMI1MBPbsWFMMWxa93cd5t5g==}
    cpu: [arm]
    os: [linux]
    libc: [musl]

  '@yuku-parser/binding-linux-arm64-gnu@0.8.3':
    resolution: {integrity: sha512-Lfgw7AXJ0rxu6BMPGgfc8HLJWEIr8BHhCzcQp/75k+NM90uCLkHlBNqIg/K42KlSvBgAvu9euOvjdswib+4qJA==}
    cpu: [arm64]
    os: [linux]
    libc: [glibc]

  '@yuku-parser/binding-linux-arm64-musl@0.8.3':
    resolution: {integrity: sha512-cfRyu87xsJ0tFkHNsnMC4Rq6+xsFJ6i2dc4VAH52d2qLvykEJU/Mdi3ul1O2PyOApX/LoLT3uQZ0fWs3D5XE4w==}
    cpu: [arm64]
    os: [linux]
    libc: [musl]

  '@yuku-parser/binding-linux-x64-gnu@0.8.3':
    resolution: {integrity: sha512-GcQQCUuYxbm6P1n+io/A50rvWKDeWHutIp6rW0ycDOZuEQjOb8hDVgS88+NDyOnd9FfS0/Z6GXopcRFDyKpzOg==}
    cpu: [x64]
    os: [linux]
    libc: [glibc]

  '@yuku-parser/binding-linux-x64-musl@0.8.3':
    resolution: {integrity: sha512-rMkImBGZzg7GZlj8krYtdiezyjYI4igjKWMut5T65jHyNWFigMQrEpn9mDIBflloW9FKhGE3mN6yTZ/N+4HRwg==}
    cpu: [x64]
    os: [linux]
    libc: [musl]

  '@yuku-parser/binding-win32-arm64@0.8.3':
    resolution: {integrity: sha512-/2Pl2cAzCXWxah8FqJapEj/ikpt9cEutEZFCa0hnbfrshkn5+C+aBM3ZDq62d1jsgQjBMmqr5HVhJUA4OAG/Tg==}
    cpu: [arm64]
    os: [win32]

  '@yuku-parser/binding-win32-x64@0.8.3':
    resolution: {integrity: sha512-Ntnvjoan9jnfLhn7Kn3h8j/bhsbVdQSVmKUqFULKtmwImLCJVHOJbLL4qbEJyrOQ7r/FBL1/c/dRvx/AQWzzXg==}
    cpu: [x64]
    os: [win32]

  '@yuku-toolchain/types@0.8.3':
    resolution: {integrity: sha512-9LN3HYs3A9qSPVFunsxlbfwBcUgexti3TmhOzIxB/UH8zFuaHQJXTRDcN17DW6cp1GsyZtiZA7f18uIra36Jag==}

  ansis@4.3.1:
    resolution: {integrity: sha512-BJ8/l4R5LRE7hW9WdSuGYrLSHi2ynxeFpDFbH0K/CgNeY/tyhk+vO6TYxXC5r5CpUhNVX310xzPsN/H9lCdfOA==}
    engines: {node: '>=14'}

  cac@7.0.0:
    resolution: {integrity: sha512-tixWYgm5ZoOD+3g6UTea91eow5z6AAHaho3g0V9CNSNb45gM8SmflpAc+GRd1InC4AqN/07Unrgp56Y94N9hJQ==}
    engines: {node: '>=20.19.0'}

  commander@15.0.0:
    resolution: {integrity: sha512-z67u4ZhzCL/Tydu1lJARtEZYWbWaN7oYLHbsuzocr6y4N6WZAagG3RQ4FW61V1/0+jImpj293XfrcYnd1qxtPg==}
    engines: {node: '>=22.12.0'}

  defu@6.1.7:
    resolution: {integrity: sha512-7z22QmUWiQ/2d0KkdYmANbRUVABpZ9SNYyH5vx6PZ+nE5bcC0l7uFvEfHlyld/HcGBFTL536ClDt3DEcSlEJAQ==}

  dts-resolver@3.0.0:
    resolution: {integrity: sha512-1T1f+z+4tl9XD+m+0HBgWoL/nm0bOIffyWaUuUSBlFg/86IWvfx+wjNaO/ybU0AJzG9/Mi5hBUgGV6zCmWEN7Q==}
    engines: {node: ^22.18.0 || >=24.0.0}
    peerDependencies:
      oxc-resolver: '>=11.0.0'
    peerDependenciesMeta:
      oxc-resolver:
        optional: true

  empathic@2.0.1:
    resolution: {integrity: sha512-YGRs8knHhKHVShLkFET/rWAU8kmHbOV5LwN938RHI0pljAJ1Gf6SzXsSmRaEzcXTtOOmVqJ5+WtQPL5uigY50Q==}
    engines: {node: '>=14'}

  fdir@6.5.0:
    resolution: {integrity: sha512-tIbYtZbucOs0BRGqPJkshJUYdL+SDH7dVM8gjy+ERp3WAUjLEFJE+02kanyHtwjWOnwrKYBiwAmM0p4kLJAnXg==}
    engines: {node: '>=12.0.0'}
    peerDependencies:
      picomatch: ^3 || ^4
    peerDependenciesMeta:
      picomatch:
        optional: true

  get-tsconfig@5.0.0-beta.5:
    resolution: {integrity: sha512-/6gFNr0N04nob252sTQxyFLi3eKFRqIg1I87YcqAMT1i6SQrSF6KujUEQrtrjMV0H/eejTCltLdDSTEMzHbnsQ==}
    engines: {node: '>=20.20.0'}

  hookable@6.1.1:
    resolution: {integrity: sha512-U9LYDy1CwhMCnprUfeAZWZGByVbhd54hwepegYTK7Pi5NvqEj63ifz5z+xukznehT7i6NIZRu89Ay1AZmRsLEQ==}

  import-without-cache@0.4.0:
    resolution: {integrity: sha512-NkJQA7oZ4YHQhd2+H3BoRFKF3d/XNsiKpHZCQEMH9pDX27hQQLsTyOocyRgaIVtf8gHX3Nt3LPkR4e5EdtPAGQ==}
    engines: {node: ^22.18.0 || >=24.0.0}

  obug@2.1.4:
    resolution: {integrity: sha512-4a+OsYv9UktOJKE+l1A4OufDgdRF9PifWj+tJnHURo/P+WOxpG4GzUFL9qCalmWauao6ogiG+QvnCovwPoyAWA==}
    engines: {node: '>=12.20.0'}

  oxfmt@0.54.0:
    resolution: {integrity: sha512-DjnMwn7smSLF+Mc2+pRItnuPftm/dkUFpY/d4+33y9TfKrsHZo8GLhmUg9BrOIUEy94Rlom1Q11N6vuhE+e0oQ==}
    engines: {node: ^20.19.0 || >=22.12.0}
    hasBin: true
    peerDependencies:
      svelte: ^5.0.0
      vite-plus: '*'
    peerDependenciesMeta:
      svelte:
        optional: true
      vite-plus:
        optional: true

  oxlint@1.77.0:
    resolution: {integrity: sha512-qnGh8XJHaQ0dprrDXNQZgS0FgjI6v+V3+X8DwmaV++5Aamy6jGKfDdQ1TUvhUxtmKFAbEf4/WeO5QZX+5WSngg==}
    engines: {node: ^20.19.0 || >=22.12.0}
    hasBin: true
    peerDependencies:
      oxlint-tsgolint: '>=7.0.2001'
      vite-plus: '*'
    peerDependenciesMeta:
      oxlint-tsgolint:
        optional: true
      vite-plus:
        optional: true

  picomatch@4.0.5:
    resolution: {integrity: sha512-RvwwcruNjI1ncT5xRakeyS9Lf8lcItv34KD+aif+VH9kduAyfYBipGh12274xtenIPZ119/R9BdTBa8gAwSh0A==}
    engines: {node: '>=12'}

  quansync@1.0.0:
    resolution: {integrity: sha512-5xZacEEufv3HSTPQuchrvV6soaiACMFnq1H8wkVioctoH3TRha9Sz66lOxRwPK/qZj7HPiSveih9yAyh98gvqA==}

  resolve-pkg-maps@1.0.0:
    resolution: {integrity: sha512-seS2Tj26TBVOC2NIc2rOe2y2ZO7efxITtLZcGSOnHHNOQ7CkiUBfw0Iw2ck6xkIhPwLhKNLS8BO+hEpngQlqzw==}

  rolldown-plugin-dts@0.27.14:
    resolution: {integrity: sha512-ZvuDDwoIpRK9RPxDXratCpklFO9QZZWndf/sd0VBFb4LEj0jj07UcHK9OCh7V4XiFz2Z89ziyBC2K6tJiDjrbw==}
    engines: {node: ^22.18.0 || >=24.11.0}
    peerDependencies:
      '@typescript/native-preview': '*'
      '@volar/typescript': ~2.4.0
      rolldown: ^1.0.0
      typescript: ^5.0.0 || ^6.0.0 || ~7.0.0
      vue-tsc: ~3.2.0 || ~3.3.0
    peerDependenciesMeta:
      '@typescript/native-preview':
        optional: true
      '@volar/typescript':
        optional: true
      typescript:
        optional: true
      vue-tsc:
        optional: true

  rolldown@1.0.0-rc.17:
    resolution: {integrity: sha512-ZrT53oAKrtA4+YtBWPQbtPOxIbVDbxT0orcYERKd63VJTF13zPcgXTvD4843L8pcsI7M6MErt8QtON6lrB9tyA==}
    engines: {node: ^20.19.0 || >=22.12.0}
    hasBin: true

  rolldown@1.2.2:
    resolution: {integrity: sha512-opwpo1tQBAcpSUJDt94B7hhLNGOKjCdE//XXjeLrnx9b83bjnw45tXdg1b09yEw/VLFBJGZpwRULMmOZo7ol+A==}
    engines: {node: ^20.19.0 || >=22.12.0}
    hasBin: true

  tinyexec@1.3.0:
    resolution: {integrity: sha512-QKAl9m8gWWGHV8jZcPeym6j+XULi6tOf1mT83WYJ4Lk2ytW/uwAWkrP0uFsdoYMdueVJ0qs26wZ+23xeB4ibNQ==}
    engines: {node: '>=18'}

  tinyglobby@0.2.17:
    resolution: {integrity: sha512-wXR/dYpcqKmfWpEdZjiKJOwCNFndD0DMnrW/cYjVGttEkBfVgcLFHoNrlj47mjOVic9yyNu65alsgF4NQyTa2g==}
    engines: {node: '>=12.0.0'}

  tinypool@2.1.0:
    resolution: {integrity: sha512-Pugqs6M0m7Lv1I7FtxN4aoyToKg1C4tu+/381vH35y8oENM/Ai7f7C4StcoK4/+BSw9ebcS8jRiVrORFKCALLw==}
    engines: {node: ^20.0.0 || >=22.0.0}

  tree-kill@1.2.2:
    resolution: {integrity: sha512-L0Orpi8qGpRG//Nd+H90vFB+3iHnue1zSSGmNOOCh1GLJ7rUKVwV2HvijphGQS2UmhUZewS9VgvxYIdgr+fG1A==}
    hasBin: true

  tsdown@0.22.14:
    resolution: {integrity: sha512-ule7Y+fsAN2iZbLDoo7C4KYljFJNJJ+fLshyn+9gozeTspVersWHxwdGB+Dm2hzA38s6muFnUTl0jK3vJm9ifQ==}
    engines: {node: ^22.18.0 || >=24.11.0}
    hasBin: true
    peerDependencies:
      '@arethetypeswrong/core': ^0.18.1
      '@tsdown/css': 0.22.14
      '@tsdown/exe': 0.22.14
      '@vitejs/devtools': '*'
      publint: ^0.3.8
      tsx: '*'
      typescript: ^5.0.0 || ^6.0.0 || ^7.0.0
      unplugin-unused: ^0.5.0
      unrun: '*'
    peerDependenciesMeta:
      '@arethetypeswrong/core':
        optional: true
      '@tsdown/css':
        optional: true
      '@tsdown/exe':
        optional: true
      '@vitejs/devtools':
        optional: true
      publint:
        optional: true
      tsx:
        optional: true
      typescript:
        optional: true
      unplugin-unused:
        optional: true
      unrun:
        optional: true

  tslib@2.8.1:
    resolution: {integrity: sha512-oJFu94HQb+KVduSUQL7wnpmqnfmLsOA/nAh6b6EH0wCEoK0/mPeXU6c3wKDV83MkOuHPRHtSXKKU99IBazS/2w==}

  typescript@6.0.3:
    resolution: {integrity: sha512-y2TvuxSZPDyQakkFRPZHKFm+KKVqIisdg9/CZwm9ftvKXLP8NRWj38/ODjNbr43SsoXqNuAisEf1GdCxqWcdBw==}
    engines: {node: '>=14.17'}
    hasBin: true

  unconfig-core@7.5.0:
    resolution: {integrity: sha512-Su3FauozOGP44ZmKdHy2oE6LPjk51M/TRRjHv2HNCWiDvfvCoxC2lno6jevMA91MYAdCdwP05QnWdWpSbncX/w==}

  undici-types@7.24.6:
    resolution: {integrity: sha512-WRNW+sJgj5OBN4/0JpHFqtqzhpbnV0GuB+OozA9gCL7a993SmU+1JBZCzLNxYsbMfIeDL+lTsphD5jN5N+n0zg==}

  unrun@0.2.39:
    resolution: {integrity: sha512-h9FxYVpztY/wwq+bauLOh6Y3CWu2IVeRLq5lxzneBiIU9Tn86OGp9xiQrGhnYspAmg5dzdY0Cc8+Y70kuTARCg==}
    engines: {node: '>=20.19.0'}
    hasBin: true
    peerDependencies:
      synckit: ^0.11.11
    peerDependenciesMeta:
      synckit:
        optional: true

  verkit@0.3.1:
    resolution: {integrity: sha512-w2Eo8LSIIoW7qxNBzT7/17k+bh8plXo7G3dHjEIDqPlnluhzaxr9JX8F28VSYEtDvc1/a3WBDih6xNUZseebXg==}
    engines: {node: '>=18.12.0'}

  yuku-ast@0.8.3:
    resolution: {integrity: sha512-8x34yU5uhHUnJXzy2Qvjvec/vE9BzS0/2khVT1MsLmSLO/P8Q1Wp8IxHv+IhD+HMYETk6kherOSvP4JPWw2joQ==}

  yuku-codegen@0.8.3:
    resolution: {integrity: sha512-okdo5bb+TfebQa4JOjz9QxeT34D6CcBxu8dxaPUdFEKRdLkp+D2Fah2OanepK+XTyPXdmAJzAo9iXvYvZ/5rmg==}

  yuku-parser@0.8.3:
    resolution: {integrity: sha512-KPQcpF9aj77ywlJBIkQWCQ9DObdxnCA8AJdUOmA5CZZx042Xt4+dvbQmPJfWxF3E+KG5dVAZ2fBKuDJ8VsKWgA==}

snapshots:

  '@emnapi/core@1.10.0':
    dependencies:
      '@emnapi/wasi-threads': 1.2.1
      tslib: 2.8.1
    optional: true

  '@emnapi/runtime@1.10.0':
    dependencies:
      tslib: 2.8.1
    optional: true

  '@emnapi/wasi-threads@1.2.1':
    dependencies:
      tslib: 2.8.1
    optional: true

  '@napi-rs/wasm-runtime@1.2.2(@emnapi/core@1.10.0)(@emnapi/runtime@1.10.0)':
    dependencies:
      '@emnapi/core': 1.10.0
      '@emnapi/runtime': 1.10.0
      '@tybys/wasm-util': 0.10.3
    optional: true

  '@oxc-project/types@0.127.0':
    optional: true

  '@oxc-project/types@0.142.0': {}

  '@oxfmt/binding-android-arm-eabi@0.54.0':
    optional: true

  '@oxfmt/binding-android-arm64@0.54.0':
    optional: true

  '@oxfmt/binding-darwin-arm64@0.54.0':
    optional: true

  '@oxfmt/binding-darwin-x64@0.54.0':
    optional: true

  '@oxfmt/binding-freebsd-x64@0.54.0':
    optional: true

  '@oxfmt/binding-linux-arm-gnueabihf@0.54.0':
    optional: true

  '@oxfmt/binding-linux-arm-musleabihf@0.54.0':
    optional: true

  '@oxfmt/binding-linux-arm64-gnu@0.54.0':
    optional: true

  '@oxfmt/binding-linux-arm64-musl@0.54.0':
    optional: true

  '@oxfmt/binding-linux-ppc64-gnu@0.54.0':
    optional: true

  '@oxfmt/binding-linux-riscv64-gnu@0.54.0':
    optional: true

  '@oxfmt/binding-linux-riscv64-musl@0.54.0':
    optional: true

  '@oxfmt/binding-linux-s390x-gnu@0.54.0':
    optional: true

  '@oxfmt/binding-linux-x64-gnu@0.54.0':
    optional: true

  '@oxfmt/binding-linux-x64-musl@0.54.0':
    optional: true

  '@oxfmt/binding-openharmony-arm64@0.54.0':
    optional: true

  '@oxfmt/binding-win32-arm64-msvc@0.54.0':
    optional: true

  '@oxfmt/binding-win32-ia32-msvc@0.54.0':
    optional: true

  '@oxfmt/binding-win32-x64-msvc@0.54.0':
    optional: true

  '@oxlint/binding-android-arm-eabi@1.77.0':
    optional: true

  '@oxlint/binding-android-arm64@1.77.0':
    optional: true

  '@oxlint/binding-darwin-arm64@1.77.0':
    optional: true

  '@oxlint/binding-darwin-x64@1.77.0':
    optional: true

  '@oxlint/binding-freebsd-x64@1.77.0':
    optional: true

  '@oxlint/binding-linux-arm-gnueabihf@1.77.0':
    optional: true

  '@oxlint/binding-linux-arm-musleabihf@1.77.0':
    optional: true

  '@oxlint/binding-linux-arm64-gnu@1.77.0':
    optional: true

  '@oxlint/binding-linux-arm64-musl@1.77.0':
    optional: true

  '@oxlint/binding-linux-ppc64-gnu@1.77.0':
    optional: true

  '@oxlint/binding-linux-riscv64-gnu@1.77.0':
    optional: true

  '@oxlint/binding-linux-riscv64-musl@1.77.0':
    optional: true

  '@oxlint/binding-linux-s390x-gnu@1.77.0':
    optional: true

  '@oxlint/binding-linux-x64-gnu@1.77.0':
    optional: true

  '@oxlint/binding-linux-x64-musl@1.77.0':
    optional: true

  '@oxlint/binding-openharmony-arm64@1.77.0':
    optional: true

  '@oxlint/binding-win32-arm64-msvc@1.77.0':
    optional: true

  '@oxlint/binding-win32-ia32-msvc@1.77.0':
    optional: true

  '@oxlint/binding-win32-x64-msvc@1.77.0':
    optional: true

  '@quansync/fs@1.0.0':
    dependencies:
      quansync: 1.0.0

  '@rolldown/binding-android-arm64@1.0.0-rc.17':
    optional: true

  '@rolldown/binding-android-arm64@1.2.2':
    optional: true

  '@rolldown/binding-darwin-arm64@1.0.0-rc.17':
    optional: true

  '@rolldown/binding-darwin-arm64@1.2.2':
    optional: true

  '@rolldown/binding-darwin-x64@1.0.0-rc.17':
    optional: true

  '@rolldown/binding-darwin-x64@1.2.2':
    optional: true

  '@rolldown/binding-freebsd-x64@1.0.0-rc.17':
    optional: true

  '@rolldown/binding-freebsd-x64@1.2.2':
    optional: true

  '@rolldown/binding-linux-arm-gnueabihf@1.0.0-rc.17':
    optional: true

  '@rolldown/binding-linux-arm-gnueabihf@1.2.2':
    optional: true

  '@rolldown/binding-linux-arm64-gnu@1.0.0-rc.17':
    optional: true

  '@rolldown/binding-linux-arm64-gnu@1.2.2':
    optional: true

  '@rolldown/binding-linux-arm64-musl@1.0.0-rc.17':
    optional: true

  '@rolldown/binding-linux-arm64-musl@1.2.2':
    optional: true

  '@rolldown/binding-linux-ppc64-gnu@1.0.0-rc.17':
    optional: true

  '@rolldown/binding-linux-ppc64-gnu@1.2.2':
    optional: true

  '@rolldown/binding-linux-s390x-gnu@1.0.0-rc.17':
    optional: true

  '@rolldown/binding-linux-s390x-gnu@1.2.2':
    optional: true

  '@rolldown/binding-linux-x64-gnu@1.0.0-rc.17':
    optional: true

  '@rolldown/binding-linux-x64-gnu@1.2.2':
    optional: true

  '@rolldown/binding-linux-x64-musl@1.0.0-rc.17':
    optional: true

  '@rolldown/binding-linux-x64-musl@1.2.2':
    optional: true

  '@rolldown/binding-openharmony-arm64@1.0.0-rc.17':
    optional: true

  '@rolldown/binding-openharmony-arm64@1.2.2':
    optional: true

  '@rolldown/binding-wasm32-wasi@1.0.0-rc.17':
    dependencies:
      '@emnapi/core': 1.10.0
      '@emnapi/runtime': 1.10.0
      '@napi-rs/wasm-runtime': 1.2.2(@emnapi/core@1.10.0)(@emnapi/runtime@1.10.0)
    optional: true

  '@rolldown/binding-win32-arm64-msvc@1.0.0-rc.17':
    optional: true

  '@rolldown/binding-win32-arm64-msvc@1.2.2':
    optional: true

  '@rolldown/binding-win32-x64-msvc@1.0.0-rc.17':
    optional: true

  '@rolldown/binding-win32-x64-msvc@1.2.2':
    optional: true

  '@rolldown/pluginutils@1.0.0-rc.17':
    optional: true

  '@rolldown/pluginutils@1.0.1': {}

  '@tybys/wasm-util@0.10.3':
    dependencies:
      tslib: 2.8.1
    optional: true

  '@types/node@25.9.5':
    dependencies:
      undici-types: 7.24.6

  '@yuku-codegen/binding-android-arm64@0.8.3':
    optional: true

  '@yuku-codegen/binding-darwin-arm64@0.8.3':
    optional: true

  '@yuku-codegen/binding-darwin-x64@0.8.3':
    optional: true

  '@yuku-codegen/binding-freebsd-x64@0.8.3':
    optional: true

  '@yuku-codegen/binding-linux-arm-gnu@0.8.3':
    optional: true

  '@yuku-codegen/binding-linux-arm-musl@0.8.3':
    optional: true

  '@yuku-codegen/binding-linux-arm64-gnu@0.8.3':
    optional: true

  '@yuku-codegen/binding-linux-arm64-musl@0.8.3':
    optional: true

  '@yuku-codegen/binding-linux-x64-gnu@0.8.3':
    optional: true

  '@yuku-codegen/binding-linux-x64-musl@0.8.3':
    optional: true

  '@yuku-codegen/binding-win32-arm64@0.8.3':
    optional: true

  '@yuku-codegen/binding-win32-x64@0.8.3':
    optional: true

  '@yuku-parser/binding-android-arm64@0.8.3':
    optional: true

  '@yuku-parser/binding-darwin-arm64@0.8.3':
    optional: true

  '@yuku-parser/binding-darwin-x64@0.8.3':
    optional: true

  '@yuku-parser/binding-freebsd-x64@0.8.3':
    optional: true

  '@yuku-parser/binding-linux-arm-gnu@0.8.3':
    optional: true

  '@yuku-parser/binding-linux-arm-musl@0.8.3':
    optional: true

  '@yuku-parser/binding-linux-arm64-gnu@0.8.3':
    optional: true

  '@yuku-parser/binding-linux-arm64-musl@0.8.3':
    optional: true

  '@yuku-parser/binding-linux-x64-gnu@0.8.3':
    optional: true

  '@yuku-parser/binding-linux-x64-musl@0.8.3':
    optional: true

  '@yuku-parser/binding-win32-arm64@0.8.3':
    optional: true

  '@yuku-parser/binding-win32-x64@0.8.3':
    optional: true

  '@yuku-toolchain/types@0.8.3': {}

  ansis@4.3.1: {}

  cac@7.0.0: {}

  commander@15.0.0: {}

  defu@6.1.7: {}

  dts-resolver@3.0.0: {}

  empathic@2.0.1: {}

  fdir@6.5.0(picomatch@4.0.5):
    optionalDependencies:
      picomatch: 4.0.5

  get-tsconfig@5.0.0-beta.5:
    dependencies:
      resolve-pkg-maps: 1.0.0

  hookable@6.1.1: {}

  import-without-cache@0.4.0: {}

  obug@2.1.4: {}

  oxfmt@0.54.0:
    dependencies:
      tinypool: 2.1.0
    optionalDependencies:
      '@oxfmt/binding-android-arm-eabi': 0.54.0
      '@oxfmt/binding-android-arm64': 0.54.0
      '@oxfmt/binding-darwin-arm64': 0.54.0
      '@oxfmt/binding-darwin-x64': 0.54.0
      '@oxfmt/binding-freebsd-x64': 0.54.0
      '@oxfmt/binding-linux-arm-gnueabihf': 0.54.0
      '@oxfmt/binding-linux-arm-musleabihf': 0.54.0
      '@oxfmt/binding-linux-arm64-gnu': 0.54.0
      '@oxfmt/binding-linux-arm64-musl': 0.54.0
      '@oxfmt/binding-linux-ppc64-gnu': 0.54.0
      '@oxfmt/binding-linux-riscv64-gnu': 0.54.0
      '@oxfmt/binding-linux-riscv64-musl': 0.54.0
      '@oxfmt/binding-linux-s390x-gnu': 0.54.0
      '@oxfmt/binding-linux-x64-gnu': 0.54.0
      '@oxfmt/binding-linux-x64-musl': 0.54.0
      '@oxfmt/binding-openharmony-arm64': 0.54.0
      '@oxfmt/binding-win32-arm64-msvc': 0.54.0
      '@oxfmt/binding-win32-ia32-msvc': 0.54.0
      '@oxfmt/binding-win32-x64-msvc': 0.54.0

  oxlint@1.77.0:
    optionalDependencies:
      '@oxlint/binding-android-arm-eabi': 1.77.0
      '@oxlint/binding-android-arm64': 1.77.0
      '@oxlint/binding-darwin-arm64': 1.77.0
      '@oxlint/binding-darwin-x64': 1.77.0
      '@oxlint/binding-freebsd-x64': 1.77.0
      '@oxlint/binding-linux-arm-gnueabihf': 1.77.0
      '@oxlint/binding-linux-arm-musleabihf': 1.77.0
      '@oxlint/binding-linux-arm64-gnu': 1.77.0
      '@oxlint/binding-linux-arm64-musl': 1.77.0
      '@oxlint/binding-linux-ppc64-gnu': 1.77.0
      '@oxlint/binding-linux-riscv64-gnu': 1.77.0
      '@oxlint/binding-linux-riscv64-musl': 1.77.0
      '@oxlint/binding-linux-s390x-gnu': 1.77.0
      '@oxlint/binding-linux-x64-gnu': 1.77.0
      '@oxlint/binding-linux-x64-musl': 1.77.0
      '@oxlint/binding-openharmony-arm64': 1.77.0
      '@oxlint/binding-win32-arm64-msvc': 1.77.0
      '@oxlint/binding-win32-ia32-msvc': 1.77.0
      '@oxlint/binding-win32-x64-msvc': 1.77.0

  picomatch@4.0.5: {}

  quansync@1.0.0: {}

  resolve-pkg-maps@1.0.0: {}

  rolldown-plugin-dts@0.27.14(rolldown@1.2.2)(typescript@6.0.3):
    dependencies:
      dts-resolver: 3.0.0
      get-tsconfig: 5.0.0-beta.5
      obug: 2.1.4
      rolldown: 1.2.2
      yuku-ast: 0.8.3
      yuku-codegen: 0.8.3
      yuku-parser: 0.8.3
    optionalDependencies:
      typescript: 6.0.3
    transitivePeerDependencies:
      - oxc-resolver

  rolldown@1.0.0-rc.17:
    dependencies:
      '@oxc-project/types': 0.127.0
      '@rolldown/pluginutils': 1.0.0-rc.17
    optionalDependencies:
      '@rolldown/binding-android-arm64': 1.0.0-rc.17
      '@rolldown/binding-darwin-arm64': 1.0.0-rc.17
      '@rolldown/binding-darwin-x64': 1.0.0-rc.17
      '@rolldown/binding-freebsd-x64': 1.0.0-rc.17
      '@rolldown/binding-linux-arm-gnueabihf': 1.0.0-rc.17
      '@rolldown/binding-linux-arm64-gnu': 1.0.0-rc.17
      '@rolldown/binding-linux-arm64-musl': 1.0.0-rc.17
      '@rolldown/binding-linux-ppc64-gnu': 1.0.0-rc.17
      '@rolldown/binding-linux-s390x-gnu': 1.0.0-rc.17
      '@rolldown/binding-linux-x64-gnu': 1.0.0-rc.17
      '@rolldown/binding-linux-x64-musl': 1.0.0-rc.17
      '@rolldown/binding-openharmony-arm64': 1.0.0-rc.17
      '@rolldown/binding-wasm32-wasi': 1.0.0-rc.17
      '@rolldown/binding-win32-arm64-msvc': 1.0.0-rc.17
      '@rolldown/binding-win32-x64-msvc': 1.0.0-rc.17
    optional: true

  rolldown@1.2.2:
    dependencies:
      '@oxc-project/types': 0.142.0
      '@rolldown/pluginutils': 1.0.1
    optionalDependencies:
      '@rolldown/binding-android-arm64': 1.2.2
      '@rolldown/binding-darwin-arm64': 1.2.2
      '@rolldown/binding-darwin-x64': 1.2.2
      '@rolldown/binding-freebsd-x64': 1.2.2
      '@rolldown/binding-linux-arm-gnueabihf': 1.2.2
      '@rolldown/binding-linux-arm64-gnu': 1.2.2
      '@rolldown/binding-linux-arm64-musl': 1.2.2
      '@rolldown/binding-linux-ppc64-gnu': 1.2.2
      '@rolldown/binding-linux-s390x-gnu': 1.2.2
      '@rolldown/binding-linux-x64-gnu': 1.2.2
      '@rolldown/binding-linux-x64-musl': 1.2.2
      '@rolldown/binding-openharmony-arm64': 1.2.2
      '@rolldown/binding-win32-arm64-msvc': 1.2.2
      '@rolldown/binding-win32-x64-msvc': 1.2.2

  tinyexec@1.3.0: {}

  tinyglobby@0.2.17:
    dependencies:
      fdir: 6.5.0(picomatch@4.0.5)
      picomatch: 4.0.5

  tinypool@2.1.0: {}

  tree-kill@1.2.2: {}

  tsdown@0.22.14(typescript@6.0.3)(unrun@0.2.39):
    dependencies:
      ansis: 4.3.1
      cac: 7.0.0
      defu: 6.1.7
      empathic: 2.0.1
      hookable: 6.1.1
      import-without-cache: 0.4.0
      obug: 2.1.4
      picomatch: 4.0.5
      rolldown: 1.2.2
      rolldown-plugin-dts: 0.27.14(rolldown@1.2.2)(typescript@6.0.3)
      tinyexec: 1.3.0
      tinyglobby: 0.2.17
      tree-kill: 1.2.2
      unconfig-core: 7.5.0
      verkit: 0.3.1
    optionalDependencies:
      typescript: 6.0.3
      unrun: 0.2.39
    transitivePeerDependencies:
      - '@typescript/native-preview'
      - '@volar/typescript'
      - oxc-resolver
      - vue-tsc

  tslib@2.8.1:
    optional: true

  typescript@6.0.3: {}

  unconfig-core@7.5.0:
    dependencies:
      '@quansync/fs': 1.0.0
      quansync: 1.0.0

  undici-types@7.24.6: {}

  unrun@0.2.39:
    dependencies:
      rolldown: 1.0.0-rc.17
    optional: true

  verkit@0.3.1: {}

  yuku-ast@0.8.3:
    dependencies:
      '@yuku-toolchain/types': 0.8.3

  yuku-codegen@0.8.3:
    dependencies:
      '@yuku-toolchain/types': 0.8.3
    optionalDependencies:
      '@yuku-codegen/binding-android-arm64': 0.8.3
      '@yuku-codegen/binding-darwin-arm64': 0.8.3
      '@yuku-codegen/binding-darwin-x64': 0.8.3
      '@yuku-codegen/binding-freebsd-x64': 0.8.3
      '@yuku-codegen/binding-linux-arm-gnu': 0.8.3
      '@yuku-codegen/binding-linux-arm-musl': 0.8.3
      '@yuku-codegen/binding-linux-arm64-gnu': 0.8.3
      '@yuku-codegen/binding-linux-arm64-musl': 0.8.3
      '@yuku-codegen/binding-linux-x64-gnu': 0.8.3
      '@yuku-codegen/binding-linux-x64-musl': 0.8.3
      '@yuku-codegen/binding-win32-arm64': 0.8.3
      '@yuku-codegen/binding-win32-x64': 0.8.3

  yuku-parser@0.8.3:
    dependencies:
      '@yuku-toolchain/types': 0.8.3
      yuku-ast: 0.8.3
    optionalDependencies:
      '@yuku-parser/binding-android-arm64': 0.8.3
      '@yuku-parser/binding-darwin-arm64': 0.8.3
      '@yuku-parser/binding-darwin-x64': 0.8.3
      '@yuku-parser/binding-freebsd-x64': 0.8.3
      '@yuku-parser/binding-linux-arm-gnu': 0.8.3
      '@yuku-parser/binding-linux-arm-musl': 0.8.3
      '@yuku-parser/binding-linux-arm64-gnu': 0.8.3
      '@yuku-parser/binding-linux-arm64-musl': 0.8.3
      '@yuku-parser/binding-linux-x64-gnu': 0.8.3
      '@yuku-parser/binding-linux-x64-musl': 0.8.3
      '@yuku-parser/binding-win32-arm64': 0.8.3
      '@yuku-parser/binding-win32-x64': 0.8.3
